
Microsoft Visual Studio Solution File, Format Version 12.00
# Visual Studio Version 16
VisualStudioVersion = 16.0.30128.74
MinimumVisualStudioVersion = 10.0.40219.1
Project("{9A19103F-16F7-4668-BE54-9A1E7A4F7556}") = "ConsoleMonopoly", "ConsoleMonopoly.csproj", "{29886138-477B-4F6F-8F0A-D56CF3F8C687}"
EndProject
Project("{FAE04EC0-301F-11D3-BF4B-00C04F79EFBC}") = "ConsoleMonopolyTests", "..\ConsoleMonopolyTests\ConsoleMonopolyTests.csproj", "{570B1181-BB50-4197-A0D6-42365C5E4B16}"
EndProject
Global
	GlobalSection(SolutionConfigurationPlatforms) = preSolution
		Debug|Any CPU = Debug|Any CPU
		Release|Any CPU = Release|Any CPU
	EndGlobalSection
	GlobalSection(ProjectConfigurationPlatforms) = postSolution
		{29886138-477B-4F6F-8F0A-D56CF3F8C687}.Debug|Any CPU.ActiveCfg = Debug|Any CPU
		{29886138-477B-4F6F-8F0A-D56CF3F8C687}.Debug|Any CPU.Build.0 = Debug|Any CPU
		{29886138-477B-4F6F-8F0A-D56CF3F8C687}.Release|Any CPU.ActiveCfg = Release|Any CPU
		{29886138-477B-4F6F-8F0A-D56CF3F8C687}.Release|Any CPU.Build.0 = Release|Any CPU
		{570B1181-BB50-4197-A0D6-42365C5E4B16}.Debug|Any CPU.ActiveCfg = Debug|Any CPU
		{570B1181-BB50-4197-A0D6-42365C5E4B16}.Debug|Any CPU.Build.0 = Debug|Any CPU
		{570B1181-BB50-4197-A0D6-42365C5E4B16}.Release|Any CPU.ActiveCfg = Release|Any CPU
		{570B1181-BB50-4197-A0D6-42365C5E4B16}.Release|Any CPU.Build.0 = Release|Any CPU
	EndGlobalSection
	GlobalSection(SolutionProperties) = preSolution
		HideSolutionNode = FALSE
	EndGlobalSection
	GlobalSection(ExtensibilityGlobals) = postSolution
		SolutionGuid = {050560CB-8896-4726-A4FF-C6C07D980C3D}
	EndGlobalSection
EndGlobal
